{
  "version": 4,
  "terraform_version": "1.1.6",
  "serial": 711,
  "lineage": "75986fe1-d524-0ca5-0401-9aa752fb850f",
  "outputs": {
    "ipg_policy_cdp": {
      "value": [],
      "type": [
        "tuple",
        []
      ]
    },
    "ipg_policy_lldp": {
      "value": [],
      "type": [
        "tuple",
        []
      ]
    },
    "mcp_policy_enable": {
      "value": "Prod_mcp_polciy",
      "type": "string"
    },
    "tenant_name": {
      "value": "Prod_webserver_Tenant",
      "type": "string"
    },
    "tenant_name_bd": {
      "value": "Prod_webserver_domain",
      "type": "string"
    },
    "tenant_vrf_name": {
      "value": "Prod_webserver_vrf",
      "type": "string"
    }
  },
  "resources": [
    {
      "mode": "managed",
      "type": "aci_access_port_block",
      "name": "pod23_acc_port_block",
      "provider": "provider[\"registry.terraform.io/ciscodevnet/aci\"]",
      "instances": []
    },
    {
      "mode": "managed",
      "type": "aci_access_port_selector",
      "name": "ports",
      "provider": "provider[\"registry.terraform.io/ciscodevnet/aci\"]",
      "instances": []
    },
    {
      "mode": "managed",
      "type": "aci_application_epg",
      "name": "epg_one",
      "provider": "provider[\"registry.terraform.io/ciscodevnet/aci\"]",
      "instances": []
    },
    {
      "mode": "managed",
      "type": "aci_application_epg",
      "name": "epg_two",
      "provider": "provider[\"registry.terraform.io/ciscodevnet/aci\"]",
      "instances": []
    },
    {
      "mode": "managed",
      "type": "aci_application_profile",
      "name": "application_profile",
      "provider": "provider[\"registry.terraform.io/ciscodevnet/aci\"]",
      "instances": []
    },
    {
      "mode": "managed",
      "type": "aci_attachable_access_entity_profile",
      "name": "aaep",
      "provider": "provider[\"registry.terraform.io/ciscodevnet/aci\"]",
      "instances": []
    },
    {
      "mode": "managed",
      "type": "aci_bridge_domain",
      "name": "web_server_bd",
      "provider": "provider[\"registry.terraform.io/ciscodevnet/aci\"]",
      "instances": []
    },
    {
      "mode": "managed",
      "type": "aci_cdp_interface_policy",
      "name": "cdp",
      "provider": "provider[\"registry.terraform.io/ciscodevnet/aci\"]",
      "instances": [
        {
          "index_key": 0,
          "schema_version": 1,
          "attributes": {
            "admin_st": "enabled",
            "annotation": "tag_cdp",
            "description": "From Terraform",
            "id": "uni/infra/cdpIfP-Prod_cdp_policy",
            "name": "Prod_cdp_policy",
            "name_alias": "alias_cdp"
          },
          "sensitive_attributes": [],
          "private": "eyJzY2hlbWFfdmVyc2lvbiI6IjEifQ=="
        }
      ]
    },
    {
      "mode": "managed",
      "type": "aci_epg_to_static_path",
      "name": "first_epg_vlan_path",
      "provider": "provider[\"registry.terraform.io/ciscodevnet/aci\"]",
      "instances": []
    },
    {
      "mode": "managed",
      "type": "aci_epg_to_static_path",
      "name": "second_epg_vlan_path",
      "provider": "provider[\"registry.terraform.io/ciscodevnet/aci\"]",
      "instances": []
    },
    {
      "mode": "managed",
      "type": "aci_leaf_access_port_policy_group",
      "name": "ipg_policy",
      "provider": "provider[\"registry.terraform.io/ciscodevnet/aci\"]",
      "instances": []
    },
    {
      "mode": "managed",
      "type": "aci_leaf_interface_profile",
      "name": "leaf_profile",
      "provider": "provider[\"registry.terraform.io/ciscodevnet/aci\"]",
      "instances": [
        {
          "schema_version": 1,
          "attributes": {
            "annotation": "orchestrator:terraform",
            "description": "",
            "id": "uni/infra/accportprof-Prod_leaf_profile",
            "name": "Prod_leaf_profile",
            "name_alias": ""
          },
          "sensitive_attributes": [],
          "private": "eyJzY2hlbWFfdmVyc2lvbiI6IjEifQ=="
        }
      ]
    },
    {
      "mode": "managed",
      "type": "aci_leaf_profile",
      "name": "switch_profile",
      "provider": "provider[\"registry.terraform.io/ciscodevnet/aci\"]",
      "instances": [
        {
          "schema_version": 1,
          "attributes": {
            "annotation": "orchestrator:terraform",
            "description": "From Terraform",
            "id": "uni/infra/nprof-Prod_switch_profile",
            "leaf_selector": [
              {
                "description": "",
                "id": "uni/infra/nprof-Prod_switch_profile/leaves-one-typ-range",
                "name": "one",
                "node_block": [
                  {
                    "description": "",
                    "from_": "101",
                    "id": "uni/infra/nprof-Prod_switch_profile/leaves-one-typ-range/nodeblk-blk1",
                    "name": "blk1",
                    "to_": "102"
                  }
                ],
                "switch_association_type": "range"
              }
            ],
            "leaf_selector_ids": [
              "uni/infra/nprof-Prod_switch_profile/leaves-one-typ-range"
            ],
            "name": "Prod_switch_profile",
            "name_alias": "",
            "node_block_ids": [
              "uni/infra/nprof-Prod_switch_profile/leaves-one-typ-range/nodeblk-blk1"
            ],
            "relation_infra_rs_acc_card_p": null,
            "relation_infra_rs_acc_port_p": [
              "uni/infra/accportprof-Prod_leaf_profile"
            ]
          },
          "sensitive_attributes": [],
          "private": "eyJzY2hlbWFfdmVyc2lvbiI6IjEifQ==",
          "dependencies": [
            "aci_leaf_interface_profile.leaf_profile"
          ]
        }
      ]
    },
    {
      "mode": "managed",
      "type": "aci_lldp_interface_policy",
      "name": "lldp_policy",
      "provider": "provider[\"registry.terraform.io/ciscodevnet/aci\"]",
      "instances": [
        {
          "index_key": 0,
          "schema_version": 1,
          "attributes": {
            "admin_rx_st": "enabled",
            "admin_tx_st": "enabled",
            "annotation": "tag_lldp",
            "description": "example description",
            "id": "uni/infra/lldpIfP-Prod_lldp_policy",
            "name": "Prod_lldp_policy",
            "name_alias": "alias_lldp"
          },
          "sensitive_attributes": [],
          "private": "eyJzY2hlbWFfdmVyc2lvbiI6IjEifQ=="
        }
      ]
    },
    {
      "mode": "managed",
      "type": "aci_mcp_instance_policy",
      "name": "mcp_policy",
      "provider": "provider[\"registry.terraform.io/ciscodevnet/aci\"]",
      "instances": [
        {
          "index_key": 0,
          "schema_version": 1,
          "attributes": {
            "admin_st": "disabled",
            "annotation": "orchestrator:terraform",
            "ctrl": [],
            "description": "From Terraform",
            "id": "uni/infra/mcpInstP-default",
            "init_delay_time": "180",
            "key": "example",
            "loop_detect_mult": "3",
            "loop_protect_act": "port-disable",
            "name_alias": "Prod_mcp_polciy",
            "tx_freq": "2",
            "tx_freq_msec": "0"
          },
          "sensitive_attributes": [],
          "private": "eyJzY2hlbWFfdmVyc2lvbiI6IjEifQ=="
        }
      ]
    },
    {
      "mode": "managed",
      "type": "aci_physical_domain",
      "name": "physical_domain",
      "provider": "provider[\"registry.terraform.io/ciscodevnet/aci\"]",
      "instances": [
        {
          "index_key": 0,
          "schema_version": 1,
          "attributes": {
            "annotation": "orchestrator:terraform",
            "id": "uni/phys-Prod_phy_domain",
            "name": "Prod_phy_domain",
            "name_alias": "",
            "relation_infra_rs_dom_vxlan_ns_def": "",
            "relation_infra_rs_vip_addr_ns": "",
            "relation_infra_rs_vlan_ns": "uni/infra/vlanns-[Prod_vlan_pool]-static",
            "relation_infra_rs_vlan_ns_def": ""
          },
          "sensitive_attributes": [],
          "private": "eyJzY2hlbWFfdmVyc2lvbiI6IjEifQ==",
          "dependencies": [
            "aci_vlan_pool.vlan_pool"
          ]
        }
      ]
    },
    {
      "mode": "managed",
      "type": "aci_ranges",
      "name": "range_1",
      "provider": "provider[\"registry.terraform.io/ciscodevnet/aci\"]",
      "instances": [
        {
          "index_key": 0,
          "schema_version": 1,
          "attributes": {
            "alloc_mode": "inherit",
            "annotation": "orchestrator:terraform",
            "description": "From Terraform",
            "from": "vlan-10",
            "id": "uni/infra/vlanns-[Prod_vlan_pool]-static/from-[vlan-10]-to-[vlan-20]",
            "name_alias": "",
            "role": "external",
            "to": "vlan-20",
            "vlan_pool_dn": "uni/infra/vlanns-[Prod_vlan_pool]-static"
          },
          "sensitive_attributes": [],
          "private": "eyJzY2hlbWFfdmVyc2lvbiI6IjEifQ==",
          "dependencies": [
            "aci_vlan_pool.vlan_pool"
          ]
        }
      ]
    },
    {
      "mode": "managed",
      "type": "aci_subnet",
      "name": "web_server_subnets",
      "provider": "provider[\"registry.terraform.io/ciscodevnet/aci\"]",
      "instances": []
    },
    {
      "mode": "managed",
      "type": "aci_tenant",
      "name": "terraform_tenant",
      "provider": "provider[\"registry.terraform.io/ciscodevnet/aci\"]",
      "instances": [
        {
          "schema_version": 1,
          "attributes": {
            "annotation": "orchestrator:terraform",
            "description": "This tenant is created by the Terraform ACI provider",
            "id": "uni/tn-Prod_webserver_Tenant",
            "name": "Prod_webserver_Tenant",
            "name_alias": "",
            "relation_fv_rs_tenant_mon_pol": "",
            "relation_fv_rs_tn_deny_rule": null
          },
          "sensitive_attributes": [],
          "private": "eyJzY2hlbWFfdmVyc2lvbiI6IjEifQ=="
        }
      ]
    },
    {
      "mode": "managed",
      "type": "aci_vlan_pool",
      "name": "vlan_pool",
      "provider": "provider[\"registry.terraform.io/ciscodevnet/aci\"]",
      "instances": [
        {
          "index_key": 0,
          "schema_version": 1,
          "attributes": {
            "alloc_mode": "static",
            "annotation": "orchestrator:terraform",
            "description": "From Terraform",
            "id": "uni/infra/vlanns-[Prod_vlan_pool]-static",
            "name": "Prod_vlan_pool",
            "name_alias": ""
          },
          "sensitive_attributes": [],
          "private": "eyJzY2hlbWFfdmVyc2lvbiI6IjEifQ=="
        }
      ]
    },
    {
      "mode": "managed",
      "type": "aci_vrf",
      "name": "prod-vrf",
      "provider": "provider[\"registry.terraform.io/ciscodevnet/aci\"]",
      "instances": []
    }
  ]
}
