{
  "version": 4,
  "terraform_version": "1.1.6",
  "serial": 243,
  "lineage": "75986fe1-d524-0ca5-0401-9aa752fb850f",
  "outputs": {
    "bd_subnets": {
      "value": [
        "10.0.3.28/27",
        "10.0.5.28/27",
        "10.0.6.28/27"
      ],
      "type": [
        "tuple",
        [
          "string",
          "string",
          "string"
        ]
      ]
    },
    "lldp_policy_enable": {
      "value": "Prod_lldp_policy",
      "type": "string"
    },
    "mcp_policy_enable": {
      "value": "Prod_mcp_polciy",
      "type": "string"
    },
    "tenant_name": {
      "value": "Prod_webserver_Tenant",
      "type": "string"
    },
    "tenant_name_bd": {
      "value": "Prod_webserver_domain",
      "type": "string"
    },
    "tenant_vrf_name": {
      "value": "Prod_webserver_vrf",
      "type": "string"
    }
  },
  "resources": [
    {
      "mode": "managed",
      "type": "aci_bridge_domain",
      "name": "web_server_bd",
      "provider": "provider[\"registry.terraform.io/ciscodevnet/aci\"]",
      "instances": [
        {
          "schema_version": 1,
          "attributes": {
            "annotation": "orchestrator:terraform",
            "arp_flood": "no",
            "bridge_domain_type": "regular",
            "description": "This bridge domain is created by the Terraform ACI provider",
            "ep_clear": "no",
            "ep_move_detect_mode": "disable",
            "host_based_routing": "no",
            "id": "uni/tn-Prod_webserver_Tenant/BD-Prod_webserver_domain",
            "intersite_bum_traffic_allow": "no",
            "intersite_l2_stretch": "no",
            "ip_learning": "yes",
            "ipv6_mcast_allow": "no",
            "limit_ip_learn_to_subnets": "yes",
            "ll_addr": "::",
            "mac": "00:22:BD:F8:19:FF",
            "mcast_allow": "no",
            "multi_dst_pkt_act": "bd-flood",
            "name": "Prod_webserver_domain",
            "name_alias": "",
            "optimize_wan_bandwidth": "no",
            "relation_fv_rs_abd_pol_mon_pol": "",
            "relation_fv_rs_bd_flood_to": null,
            "relation_fv_rs_bd_to_ep_ret": "",
            "relation_fv_rs_bd_to_fhs": "",
            "relation_fv_rs_bd_to_nd_p": "",
            "relation_fv_rs_bd_to_netflow_monitor_pol": [],
            "relation_fv_rs_bd_to_out": null,
            "relation_fv_rs_bd_to_profile": "",
            "relation_fv_rs_bd_to_relay_p": "",
            "relation_fv_rs_ctx": "uni/tn-Prod_webserver_Tenant/ctx-Prod_webserver_vrf",
            "relation_fv_rs_igmpsn": "",
            "relation_fv_rs_mldsn": "",
            "tenant_dn": "uni/tn-Prod_webserver_Tenant",
            "unicast_route": "yes",
            "unk_mac_ucast_act": "proxy",
            "unk_mcast_act": "flood",
            "v6unk_mcast_act": "flood",
            "vmac": "not-applicable"
          },
          "sensitive_attributes": [],
          "private": "eyJzY2hlbWFfdmVyc2lvbiI6IjEifQ==",
          "dependencies": [
            "aci_tenant.terraform_tenant",
            "aci_vrf.prod-vrf"
          ]
        }
      ]
    },
    {
      "mode": "managed",
      "type": "aci_lldp_interface_policy",
      "name": "lldp_policy",
      "provider": "provider[\"registry.terraform.io/ciscodevnet/aci\"]",
      "instances": [
        {
          "index_key": 0,
          "schema_version": 1,
          "attributes": {
            "admin_rx_st": "enabled",
            "admin_tx_st": "enabled",
            "annotation": "tag_lldp",
            "description": "example description",
            "id": "uni/infra/lldpIfP-Prod_lldp_policy",
            "name": "Prod_lldp_policy",
            "name_alias": "alias_lldp"
          },
          "sensitive_attributes": [],
          "private": "eyJzY2hlbWFfdmVyc2lvbiI6IjEifQ=="
        }
      ]
    },
    {
      "mode": "managed",
      "type": "aci_mcp_instance_policy",
      "name": "mcp_policy",
      "provider": "provider[\"registry.terraform.io/ciscodevnet/aci\"]",
      "instances": [
        {
          "index_key": 0,
          "schema_version": 1,
          "attributes": {
            "admin_st": "disabled",
            "annotation": "orchestrator:terraform",
            "ctrl": [],
            "description": "From Terraform",
            "id": "uni/infra/mcpInstP-default",
            "init_delay_time": "180",
            "key": "example",
            "loop_detect_mult": "3",
            "loop_protect_act": "port-disable",
            "name_alias": "Prod_mcp_polciy",
            "tx_freq": "2",
            "tx_freq_msec": "0"
          },
          "sensitive_attributes": [],
          "private": "eyJzY2hlbWFfdmVyc2lvbiI6IjEifQ=="
        }
      ]
    },
    {
      "mode": "managed",
      "type": "aci_subnet",
      "name": "web_server_subnets",
      "provider": "provider[\"registry.terraform.io/ciscodevnet/aci\"]",
      "instances": [
        {
          "index_key": 0,
          "schema_version": 1,
          "attributes": {
            "annotation": "tag_subnet",
            "ctrl": [
              "nd"
            ],
            "description": "subnet",
            "id": "uni/tn-Prod_webserver_Tenant/BD-Prod_webserver_domain/subnet-[10.0.3.28/27]",
            "ip": "10.0.3.28/27",
            "name_alias": "alias_subnet",
            "parent_dn": "uni/tn-Prod_webserver_Tenant/BD-Prod_webserver_domain",
            "preferred": "no",
            "relation_fv_rs_bd_subnet_to_out": null,
            "relation_fv_rs_bd_subnet_to_profile": "",
            "relation_fv_rs_nd_pfx_pol": "",
            "scope": [
              "private",
              "shared"
            ],
            "virtual": "no"
          },
          "sensitive_attributes": [],
          "private": "eyJzY2hlbWFfdmVyc2lvbiI6IjEifQ==",
          "dependencies": [
            "aci_bridge_domain.web_server_bd",
            "aci_tenant.terraform_tenant",
            "aci_vrf.prod-vrf"
          ]
        },
        {
          "index_key": 1,
          "schema_version": 1,
          "attributes": {
            "annotation": "tag_subnet",
            "ctrl": [
              "nd"
            ],
            "description": "subnet",
            "id": "uni/tn-Prod_webserver_Tenant/BD-Prod_webserver_domain/subnet-[10.0.5.28/27]",
            "ip": "10.0.5.28/27",
            "name_alias": "alias_subnet",
            "parent_dn": "uni/tn-Prod_webserver_Tenant/BD-Prod_webserver_domain",
            "preferred": "no",
            "relation_fv_rs_bd_subnet_to_out": null,
            "relation_fv_rs_bd_subnet_to_profile": "",
            "relation_fv_rs_nd_pfx_pol": "",
            "scope": [
              "private",
              "shared"
            ],
            "virtual": "no"
          },
          "sensitive_attributes": [],
          "private": "eyJzY2hlbWFfdmVyc2lvbiI6IjEifQ==",
          "dependencies": [
            "aci_bridge_domain.web_server_bd",
            "aci_tenant.terraform_tenant",
            "aci_vrf.prod-vrf"
          ]
        },
        {
          "index_key": 2,
          "schema_version": 1,
          "attributes": {
            "annotation": "tag_subnet",
            "ctrl": [
              "nd"
            ],
            "description": "subnet",
            "id": "uni/tn-Prod_webserver_Tenant/BD-Prod_webserver_domain/subnet-[10.0.6.28/27]",
            "ip": "10.0.6.28/27",
            "name_alias": "alias_subnet",
            "parent_dn": "uni/tn-Prod_webserver_Tenant/BD-Prod_webserver_domain",
            "preferred": "no",
            "relation_fv_rs_bd_subnet_to_out": null,
            "relation_fv_rs_bd_subnet_to_profile": "",
            "relation_fv_rs_nd_pfx_pol": "",
            "scope": [
              "private",
              "shared"
            ],
            "virtual": "no"
          },
          "sensitive_attributes": [],
          "private": "eyJzY2hlbWFfdmVyc2lvbiI6IjEifQ==",
          "dependencies": [
            "aci_bridge_domain.web_server_bd",
            "aci_tenant.terraform_tenant",
            "aci_vrf.prod-vrf"
          ]
        }
      ]
    },
    {
      "mode": "managed",
      "type": "aci_tenant",
      "name": "terraform_tenant",
      "provider": "provider[\"registry.terraform.io/ciscodevnet/aci\"]",
      "instances": [
        {
          "schema_version": 1,
          "attributes": {
            "annotation": "orchestrator:terraform",
            "description": "This tenant is created by the Terraform ACI provider",
            "id": "uni/tn-Prod_webserver_Tenant",
            "name": "Prod_webserver_Tenant",
            "name_alias": "",
            "relation_fv_rs_tenant_mon_pol": "",
            "relation_fv_rs_tn_deny_rule": null
          },
          "sensitive_attributes": [],
          "private": "eyJzY2hlbWFfdmVyc2lvbiI6IjEifQ=="
        }
      ]
    },
    {
      "mode": "managed",
      "type": "aci_vrf",
      "name": "prod-vrf",
      "provider": "provider[\"registry.terraform.io/ciscodevnet/aci\"]",
      "instances": [
        {
          "schema_version": 1,
          "attributes": {
            "annotation": "orchestrator:terraform",
            "bd_enforced_enable": "no",
            "description": "from terraform",
            "id": "uni/tn-Prod_webserver_Tenant/ctx-Prod_webserver_vrf",
            "ip_data_plane_learning": "enabled",
            "knw_mcast_act": "permit",
            "name": "Prod_webserver_vrf",
            "name_alias": "",
            "pc_enf_dir": "ingress",
            "pc_enf_pref": "enforced",
            "relation_fv_rs_bgp_ctx_pol": "",
            "relation_fv_rs_ctx_mcast_to": null,
            "relation_fv_rs_ctx_mon_pol": "",
            "relation_fv_rs_ctx_to_bgp_ctx_af_pol": [],
            "relation_fv_rs_ctx_to_eigrp_ctx_af_pol": [],
            "relation_fv_rs_ctx_to_ep_ret": "",
            "relation_fv_rs_ctx_to_ext_route_tag_pol": "",
            "relation_fv_rs_ctx_to_ospf_ctx_pol": [],
            "relation_fv_rs_ospf_ctx_pol": "",
            "relation_fv_rs_vrf_validation_pol": "",
            "tenant_dn": "uni/tn-Prod_webserver_Tenant"
          },
          "sensitive_attributes": [],
          "private": "eyJzY2hlbWFfdmVyc2lvbiI6IjEifQ==",
          "dependencies": [
            "aci_tenant.terraform_tenant"
          ]
        }
      ]
    }
  ]
}
