{
  "version": 4,
  "terraform_version": "1.1.6",
  "serial": 740,
  "lineage": "75986fe1-d524-0ca5-0401-9aa752fb850f",
  "outputs": {
    "ipg_policy": {
      "value": [
        {
          "annotation": "orchestrator:terraform",
          "description": "",
          "id": "uni/infra/funcprof/accportgrp-Prod_igp",
          "name": "Prod_igp",
          "name_alias": "",
          "relation_infra_rs_att_ent_p": "uni/infra/attentp-Prod_AAEP",
          "relation_infra_rs_cdp_if_pol": "uni/infra/cdpIfP-Prod_cdp_policy",
          "relation_infra_rs_copp_if_pol": "",
          "relation_infra_rs_dwdm_if_pol": "",
          "relation_infra_rs_fc_if_pol": "",
          "relation_infra_rs_h_if_pol": "",
          "relation_infra_rs_l2_if_pol": "",
          "relation_infra_rs_l2_inst_pol": "",
          "relation_infra_rs_l2_port_auth_pol": "",
          "relation_infra_rs_l2_port_security_pol": "",
          "relation_infra_rs_lldp_if_pol": "uni/infra/lldpIfP-Prod_lldp_policy",
          "relation_infra_rs_macsec_if_pol": "",
          "relation_infra_rs_mcp_if_pol": "",
          "relation_infra_rs_mon_if_infra_pol": "",
          "relation_infra_rs_netflow_monitor_pol": [],
          "relation_infra_rs_poe_if_pol": "",
          "relation_infra_rs_qos_dpp_if_pol": "",
          "relation_infra_rs_qos_egress_dpp_if_pol": "",
          "relation_infra_rs_qos_ingress_dpp_if_pol": "",
          "relation_infra_rs_qos_pfc_if_pol": "",
          "relation_infra_rs_qos_sd_if_pol": "",
          "relation_infra_rs_span_v_dest_grp": null,
          "relation_infra_rs_span_v_src_grp": null,
          "relation_infra_rs_stormctrl_if_pol": "",
          "relation_infra_rs_stp_if_pol": ""
        }
      ],
      "type": [
        "tuple",
        [
          [
            "object",
            {
              "annotation": "string",
              "description": "string",
              "id": "string",
              "name": "string",
              "name_alias": "string",
              "relation_infra_rs_att_ent_p": "string",
              "relation_infra_rs_cdp_if_pol": "string",
              "relation_infra_rs_copp_if_pol": "string",
              "relation_infra_rs_dwdm_if_pol": "string",
              "relation_infra_rs_fc_if_pol": "string",
              "relation_infra_rs_h_if_pol": "string",
              "relation_infra_rs_l2_if_pol": "string",
              "relation_infra_rs_l2_inst_pol": "string",
              "relation_infra_rs_l2_port_auth_pol": "string",
              "relation_infra_rs_l2_port_security_pol": "string",
              "relation_infra_rs_lldp_if_pol": "string",
              "relation_infra_rs_macsec_if_pol": "string",
              "relation_infra_rs_mcp_if_pol": "string",
              "relation_infra_rs_mon_if_infra_pol": "string",
              "relation_infra_rs_netflow_monitor_pol": [
                "set",
                [
                  "object",
                  {
                    "flt_type": "string",
                    "target_dn": "string"
                  }
                ]
              ],
              "relation_infra_rs_poe_if_pol": "string",
              "relation_infra_rs_qos_dpp_if_pol": "string",
              "relation_infra_rs_qos_egress_dpp_if_pol": "string",
              "relation_infra_rs_qos_ingress_dpp_if_pol": "string",
              "relation_infra_rs_qos_pfc_if_pol": "string",
              "relation_infra_rs_qos_sd_if_pol": "string",
              "relation_infra_rs_span_v_dest_grp": [
                "set",
                "string"
              ],
              "relation_infra_rs_span_v_src_grp": [
                "set",
                "string"
              ],
              "relation_infra_rs_stormctrl_if_pol": "string",
              "relation_infra_rs_stp_if_pol": "string"
            }
          ]
        ]
      ]
    },
    "ipg_policy_cdp": {
      "value": [],
      "type": [
        "tuple",
        []
      ]
    },
    "ipg_policy_lldp": {
      "value": [],
      "type": [
        "tuple",
        []
      ]
    },
    "mcp_policy_enable": {
      "value": "Prod_mcp_polciy",
      "type": "string"
    },
    "tenant_name": {
      "value": "Prod_webserver_Tenant",
      "type": "string"
    },
    "tenant_name_bd": {
      "value": "Prod_webserver_domain",
      "type": "string"
    },
    "tenant_vrf_name": {
      "value": "Prod_webserver_vrf",
      "type": "string"
    }
  },
  "resources": [
    {
      "mode": "managed",
      "type": "aci_access_port_block",
      "name": "pod23_acc_port_block",
      "provider": "provider[\"registry.terraform.io/ciscodevnet/aci\"]",
      "instances": [
        {
          "schema_version": 1,
          "attributes": {
            "access_port_selector_dn": "uni/infra/accportprof-Prod_leaf_profile/hports-ports-typ-range",
            "annotation": "orchestrator:terraform",
            "description": "",
            "from_card": "1",
            "from_port": "108",
            "id": "uni/infra/accportprof-Prod_leaf_profile/hports-ports-typ-range/portblk-pod23_acc_port_block",
            "name": "pod23_acc_port_block",
            "name_alias": "",
            "relation_infra_rs_acc_bndl_subgrp": "",
            "to_card": "2",
            "to_port": "108"
          },
          "sensitive_attributes": [],
          "private": "eyJzY2hlbWFfdmVyc2lvbiI6IjEifQ==",
          "dependencies": [
            "aci_access_port_selector.ports",
            "aci_attachable_access_entity_profile.aaep",
            "aci_cdp_interface_policy.cdp",
            "aci_leaf_access_port_policy_group.ipg_policy",
            "aci_leaf_interface_profile.leaf_profile",
            "aci_lldp_interface_policy.lldp_policy",
            "aci_physical_domain.physical_domain",
            "aci_vlan_pool.vlan_pool"
          ]
        }
      ]
    },
    {
      "mode": "managed",
      "type": "aci_access_port_selector",
      "name": "ports",
      "provider": "provider[\"registry.terraform.io/ciscodevnet/aci\"]",
      "instances": [
        {
          "schema_version": 1,
          "attributes": {
            "access_port_selector_type": "range",
            "annotation": "orchestrator:terraform",
            "description": "",
            "id": "uni/infra/accportprof-Prod_leaf_profile/hports-ports-typ-range",
            "leaf_interface_profile_dn": "uni/infra/accportprof-Prod_leaf_profile",
            "name": "ports",
            "name_alias": "",
            "relation_infra_rs_acc_base_grp": "uni/infra/funcprof/accportgrp-Prod_igp"
          },
          "sensitive_attributes": [],
          "private": "eyJzY2hlbWFfdmVyc2lvbiI6IjEifQ==",
          "dependencies": [
            "aci_attachable_access_entity_profile.aaep",
            "aci_cdp_interface_policy.cdp",
            "aci_leaf_access_port_policy_group.ipg_policy",
            "aci_leaf_interface_profile.leaf_profile",
            "aci_lldp_interface_policy.lldp_policy",
            "aci_physical_domain.physical_domain",
            "aci_vlan_pool.vlan_pool"
          ]
        }
      ]
    },
    {
      "mode": "managed",
      "type": "aci_application_epg",
      "name": "epg_one",
      "provider": "provider[\"registry.terraform.io/ciscodevnet/aci\"]",
      "instances": [
        {
          "schema_version": 1,
          "attributes": {
            "annotation": "orchestrator:terraform",
            "application_profile_dn": "uni/tn-Prod_webserver_Tenant/ap-Prod_app_profile",
            "description": "",
            "exception_tag": "",
            "flood_on_encap": "disabled",
            "fwd_ctrl": "none",
            "has_mcast_source": "no",
            "id": "uni/tn-Prod_webserver_Tenant/ap-Prod_app_profile/epg-Prod_epg_1",
            "is_attr_based_epg": "no",
            "match_t": "AtleastOne",
            "name": "Prod_epg_1",
            "name_alias": "",
            "pc_enf_pref": "unenforced",
            "pref_gr_memb": "exclude",
            "prio": "unspecified",
            "relation_fv_rs_aepg_mon_pol": "",
            "relation_fv_rs_bd": "uni/tn-Prod_webserver_Tenant/BD-Prod_webserver_domain",
            "relation_fv_rs_cons": null,
            "relation_fv_rs_cons_if": null,
            "relation_fv_rs_cust_qos_pol": "",
            "relation_fv_rs_dpp_pol": "",
            "relation_fv_rs_fc_path_att": null,
            "relation_fv_rs_intra_epg": null,
            "relation_fv_rs_node_att": null,
            "relation_fv_rs_path_att": [],
            "relation_fv_rs_prot_by": null,
            "relation_fv_rs_prov": null,
            "relation_fv_rs_prov_def": null,
            "relation_fv_rs_sec_inherited": null,
            "relation_fv_rs_trust_ctrl": "",
            "shutdown": "no"
          },
          "sensitive_attributes": [],
          "private": "eyJzY2hlbWFfdmVyc2lvbiI6IjEifQ==",
          "dependencies": [
            "aci_application_profile.application_profile",
            "aci_bridge_domain.web_server_bd",
            "aci_tenant.terraform_tenant",
            "aci_vrf.prod-vrf"
          ]
        }
      ]
    },
    {
      "mode": "managed",
      "type": "aci_application_epg",
      "name": "epg_two",
      "provider": "provider[\"registry.terraform.io/ciscodevnet/aci\"]",
      "instances": [
        {
          "schema_version": 1,
          "attributes": {
            "annotation": "orchestrator:terraform",
            "application_profile_dn": "uni/tn-Prod_webserver_Tenant/ap-Prod_app_profile",
            "description": "",
            "exception_tag": "",
            "flood_on_encap": "disabled",
            "fwd_ctrl": "none",
            "has_mcast_source": "no",
            "id": "uni/tn-Prod_webserver_Tenant/ap-Prod_app_profile/epg-Prod_epg_2",
            "is_attr_based_epg": "no",
            "match_t": "AtleastOne",
            "name": "Prod_epg_2",
            "name_alias": "",
            "pc_enf_pref": "unenforced",
            "pref_gr_memb": "exclude",
            "prio": "unspecified",
            "relation_fv_rs_aepg_mon_pol": "",
            "relation_fv_rs_bd": "uni/tn-Prod_webserver_Tenant/BD-Prod_webserver_domain",
            "relation_fv_rs_cons": null,
            "relation_fv_rs_cons_if": null,
            "relation_fv_rs_cust_qos_pol": "",
            "relation_fv_rs_dpp_pol": "",
            "relation_fv_rs_fc_path_att": null,
            "relation_fv_rs_intra_epg": null,
            "relation_fv_rs_node_att": null,
            "relation_fv_rs_path_att": [],
            "relation_fv_rs_prot_by": null,
            "relation_fv_rs_prov": null,
            "relation_fv_rs_prov_def": null,
            "relation_fv_rs_sec_inherited": null,
            "relation_fv_rs_trust_ctrl": "",
            "shutdown": "no"
          },
          "sensitive_attributes": [],
          "private": "eyJzY2hlbWFfdmVyc2lvbiI6IjEifQ==",
          "dependencies": [
            "aci_application_profile.application_profile",
            "aci_bridge_domain.web_server_bd",
            "aci_tenant.terraform_tenant",
            "aci_vrf.prod-vrf"
          ]
        }
      ]
    },
    {
      "mode": "managed",
      "type": "aci_application_profile",
      "name": "application_profile",
      "provider": "provider[\"registry.terraform.io/ciscodevnet/aci\"]",
      "instances": [
        {
          "schema_version": 1,
          "attributes": {
            "annotation": "orchestrator:terraform",
            "description": "",
            "id": "uni/tn-Prod_webserver_Tenant/ap-Prod_app_profile",
            "name": "Prod_app_profile",
            "name_alias": "",
            "prio": "unspecified",
            "relation_fv_rs_ap_mon_pol": "",
            "tenant_dn": "uni/tn-Prod_webserver_Tenant"
          },
          "sensitive_attributes": [],
          "private": "eyJzY2hlbWFfdmVyc2lvbiI6IjEifQ==",
          "dependencies": [
            "aci_tenant.terraform_tenant"
          ]
        }
      ]
    },
    {
      "mode": "managed",
      "type": "aci_attachable_access_entity_profile",
      "name": "aaep",
      "provider": "provider[\"registry.terraform.io/ciscodevnet/aci\"]",
      "instances": [
        {
          "schema_version": 1,
          "attributes": {
            "annotation": "orchestrator:terraform",
            "description": "",
            "id": "uni/infra/attentp-Prod_AAEP",
            "name": "Prod_AAEP",
            "name_alias": "",
            "relation_infra_rs_dom_p": [
              "uni/phys-Prod_phy_domain"
            ]
          },
          "sensitive_attributes": [],
          "private": "eyJzY2hlbWFfdmVyc2lvbiI6IjEifQ==",
          "dependencies": [
            "aci_physical_domain.physical_domain",
            "aci_vlan_pool.vlan_pool"
          ]
        }
      ]
    },
    {
      "mode": "managed",
      "type": "aci_bridge_domain",
      "name": "web_server_bd",
      "provider": "provider[\"registry.terraform.io/ciscodevnet/aci\"]",
      "instances": [
        {
          "schema_version": 1,
          "attributes": {
            "annotation": "orchestrator:terraform",
            "arp_flood": "no",
            "bridge_domain_type": "regular",
            "description": "This bridge domain is created by the Terraform ACI provider",
            "ep_clear": "no",
            "ep_move_detect_mode": "disable",
            "host_based_routing": "no",
            "id": "uni/tn-Prod_webserver_Tenant/BD-Prod_webserver_domain",
            "intersite_bum_traffic_allow": "no",
            "intersite_l2_stretch": "no",
            "ip_learning": "yes",
            "ipv6_mcast_allow": "no",
            "limit_ip_learn_to_subnets": "yes",
            "ll_addr": "::",
            "mac": "00:22:BD:F8:19:FF",
            "mcast_allow": "no",
            "multi_dst_pkt_act": "bd-flood",
            "name": "Prod_webserver_domain",
            "name_alias": "",
            "optimize_wan_bandwidth": "no",
            "relation_fv_rs_abd_pol_mon_pol": "",
            "relation_fv_rs_bd_flood_to": null,
            "relation_fv_rs_bd_to_ep_ret": "",
            "relation_fv_rs_bd_to_fhs": "",
            "relation_fv_rs_bd_to_nd_p": "",
            "relation_fv_rs_bd_to_netflow_monitor_pol": [],
            "relation_fv_rs_bd_to_out": null,
            "relation_fv_rs_bd_to_profile": "",
            "relation_fv_rs_bd_to_relay_p": "",
            "relation_fv_rs_ctx": "uni/tn-Prod_webserver_Tenant/ctx-Prod_webserver_vrf",
            "relation_fv_rs_igmpsn": "",
            "relation_fv_rs_mldsn": "",
            "tenant_dn": "uni/tn-Prod_webserver_Tenant",
            "unicast_route": "yes",
            "unk_mac_ucast_act": "proxy",
            "unk_mcast_act": "flood",
            "v6unk_mcast_act": "flood",
            "vmac": "not-applicable"
          },
          "sensitive_attributes": [],
          "private": "eyJzY2hlbWFfdmVyc2lvbiI6IjEifQ==",
          "dependencies": [
            "aci_tenant.terraform_tenant",
            "aci_vrf.prod-vrf"
          ]
        }
      ]
    },
    {
      "mode": "managed",
      "type": "aci_cdp_interface_policy",
      "name": "cdp",
      "provider": "provider[\"registry.terraform.io/ciscodevnet/aci\"]",
      "instances": [
        {
          "index_key": 0,
          "schema_version": 1,
          "attributes": {
            "admin_st": "enabled",
            "annotation": "tag_cdp",
            "description": "From Terraform",
            "id": "uni/infra/cdpIfP-Prod_cdp_policy",
            "name": "Prod_cdp_policy",
            "name_alias": "alias_cdp"
          },
          "sensitive_attributes": [],
          "private": "eyJzY2hlbWFfdmVyc2lvbiI6IjEifQ=="
        }
      ]
    },
    {
      "mode": "managed",
      "type": "aci_contract",
      "name": "contract",
      "provider": "provider[\"registry.terraform.io/ciscodevnet/aci\"]",
      "instances": [
        {
          "schema_version": 1,
          "attributes": {
            "annotation": "tag_contract",
            "description": "From Terraform",
            "filter": [],
            "filter_entry_ids": null,
            "filter_ids": null,
            "id": "uni/tn-Prod_webserver_Tenant/brc-Prod_contract",
            "name": "Prod_contract",
            "name_alias": "alias_contract",
            "prio": "level1",
            "relation_vz_rs_graph_att": "",
            "scope": "context",
            "target_dscp": "unspecified",
            "tenant_dn": "uni/tn-Prod_webserver_Tenant"
          },
          "sensitive_attributes": [],
          "private": "eyJzY2hlbWFfdmVyc2lvbiI6IjEifQ==",
          "dependencies": [
            "aci_tenant.terraform_tenant"
          ]
        }
      ]
    },
    {
      "mode": "managed",
      "type": "aci_epg_to_static_path",
      "name": "first_epg_vlan_path",
      "provider": "provider[\"registry.terraform.io/ciscodevnet/aci\"]",
      "instances": [
        {
          "schema_version": 1,
          "attributes": {
            "annotation": "annotation",
            "application_epg_dn": "uni/tn-Prod_webserver_Tenant/ap-Prod_app_profile/epg-Prod_epg_1",
            "description": null,
            "encap": "vlan-1201",
            "id": "uni/tn-Prod_webserver_Tenant/ap-Prod_app_profile/epg-Prod_epg_1/rspathAtt-[topology/pod-1/paths-101/pathep-[eth1/108]]",
            "instr_imedcy": "lazy",
            "mode": "regular",
            "primary_encap": "unknown",
            "tdn": "topology/pod-1/paths-101/pathep-[eth1/108]"
          },
          "sensitive_attributes": [],
          "private": "eyJzY2hlbWFfdmVyc2lvbiI6IjEifQ==",
          "dependencies": [
            "aci_application_epg.epg_one",
            "aci_application_profile.application_profile",
            "aci_bridge_domain.web_server_bd",
            "aci_tenant.terraform_tenant",
            "aci_vrf.prod-vrf"
          ]
        }
      ]
    },
    {
      "mode": "managed",
      "type": "aci_epg_to_static_path",
      "name": "second_epg_vlan_path",
      "provider": "provider[\"registry.terraform.io/ciscodevnet/aci\"]",
      "instances": [
        {
          "schema_version": 1,
          "attributes": {
            "annotation": "annotation",
            "application_epg_dn": "uni/tn-Prod_webserver_Tenant/ap-Prod_app_profile/epg-Prod_epg_2",
            "description": null,
            "encap": "vlan-1201",
            "id": "uni/tn-Prod_webserver_Tenant/ap-Prod_app_profile/epg-Prod_epg_2/rspathAtt-[topology/pod-1/paths-102/pathep-[eth/108]]",
            "instr_imedcy": "lazy",
            "mode": "regular",
            "primary_encap": "unknown",
            "tdn": "topology/pod-1/paths-102/pathep-[eth/108]"
          },
          "sensitive_attributes": [],
          "private": "eyJzY2hlbWFfdmVyc2lvbiI6IjEifQ==",
          "dependencies": [
            "aci_application_epg.epg_two",
            "aci_application_profile.application_profile",
            "aci_bridge_domain.web_server_bd",
            "aci_tenant.terraform_tenant",
            "aci_vrf.prod-vrf"
          ]
        }
      ]
    },
    {
      "mode": "managed",
      "type": "aci_filter",
      "name": "filter",
      "provider": "provider[\"registry.terraform.io/ciscodevnet/aci\"]",
      "instances": [
        {
          "schema_version": 1,
          "attributes": {
            "annotation": "orchestrator:terraform",
            "description": "From Terraform",
            "id": "uni/tn-Prod_webserver_Tenant/flt-Prod_filter",
            "name": "Prod_filter",
            "name_alias": "",
            "relation_vz_rs_filt_graph_att": "",
            "relation_vz_rs_fwd_r_flt_p_att": "",
            "relation_vz_rs_rev_r_flt_p_att": "",
            "tenant_dn": "uni/tn-Prod_webserver_Tenant"
          },
          "sensitive_attributes": [],
          "private": "eyJzY2hlbWFfdmVyc2lvbiI6IjEifQ==",
          "dependencies": [
            "aci_tenant.terraform_tenant"
          ]
        }
      ]
    },
    {
      "mode": "managed",
      "type": "aci_filter_entry",
      "name": "foofilter_entry",
      "provider": "provider[\"registry.terraform.io/ciscodevnet/aci\"]",
      "instances": [
        {
          "index_key": "filterOne",
          "schema_version": 1,
          "attributes": {
            "annotation": "orchestrator:terraform",
            "apply_to_frag": "no",
            "arp_opc": "unspecified",
            "d_from_port": "unspecified",
            "d_to_port": "unspecified",
            "description": "From Terraform",
            "ether_t": "ipv4",
            "filter_dn": "uni/tn-Prod_webserver_Tenant/flt-Prod_filter",
            "icmpv4_t": "unspecified",
            "icmpv6_t": "unspecified",
            "id": "uni/tn-Prod_webserver_Tenant/flt-Prod_filter/e-filterOne",
            "match_dscp": "CS0",
            "name": "filterOne",
            "name_alias": "",
            "prot": "tcp",
            "s_from_port": "0",
            "s_to_port": "0",
            "stateful": "no",
            "tcp_rules": [
              "ack",
              "rst"
            ]
          },
          "sensitive_attributes": [],
          "private": "eyJzY2hlbWFfdmVyc2lvbiI6IjEifQ==",
          "dependencies": [
            "aci_filter.filter"
          ]
        },
        {
          "index_key": "filterTwo",
          "schema_version": 1,
          "attributes": {
            "annotation": "orchestrator:terraform",
            "apply_to_frag": "no",
            "arp_opc": "unspecified",
            "d_from_port": "unspecified",
            "d_to_port": "unspecified",
            "description": "From Terraform",
            "ether_t": "ipv4",
            "filter_dn": "uni/tn-Prod_webserver_Tenant/flt-Prod_filter",
            "icmpv4_t": "unspecified",
            "icmpv6_t": "unspecified",
            "id": "uni/tn-Prod_webserver_Tenant/flt-Prod_filter/e-filterTwo",
            "match_dscp": "CS0",
            "name": "filterTwo",
            "name_alias": "",
            "prot": "tcp",
            "s_from_port": "0",
            "s_to_port": "0",
            "stateful": "no",
            "tcp_rules": [
              "ack",
              "rst"
            ]
          },
          "sensitive_attributes": [],
          "private": "eyJzY2hlbWFfdmVyc2lvbiI6IjEifQ==",
          "dependencies": [
            "aci_filter.filter"
          ]
        }
      ]
    },
    {
      "mode": "managed",
      "type": "aci_leaf_access_port_policy_group",
      "name": "ipg_policy",
      "provider": "provider[\"registry.terraform.io/ciscodevnet/aci\"]",
      "instances": [
        {
          "index_key": 0,
          "schema_version": 1,
          "attributes": {
            "annotation": "orchestrator:terraform",
            "description": "",
            "id": "uni/infra/funcprof/accportgrp-Prod_igp",
            "name": "Prod_igp",
            "name_alias": "",
            "relation_infra_rs_att_ent_p": "uni/infra/attentp-Prod_AAEP",
            "relation_infra_rs_cdp_if_pol": "uni/infra/cdpIfP-Prod_cdp_policy",
            "relation_infra_rs_copp_if_pol": "",
            "relation_infra_rs_dwdm_if_pol": "",
            "relation_infra_rs_fc_if_pol": "",
            "relation_infra_rs_h_if_pol": "",
            "relation_infra_rs_l2_if_pol": "",
            "relation_infra_rs_l2_inst_pol": "",
            "relation_infra_rs_l2_port_auth_pol": "",
            "relation_infra_rs_l2_port_security_pol": "",
            "relation_infra_rs_lldp_if_pol": "uni/infra/lldpIfP-Prod_lldp_policy",
            "relation_infra_rs_macsec_if_pol": "",
            "relation_infra_rs_mcp_if_pol": "",
            "relation_infra_rs_mon_if_infra_pol": "",
            "relation_infra_rs_netflow_monitor_pol": [],
            "relation_infra_rs_poe_if_pol": "",
            "relation_infra_rs_qos_dpp_if_pol": "",
            "relation_infra_rs_qos_egress_dpp_if_pol": "",
            "relation_infra_rs_qos_ingress_dpp_if_pol": "",
            "relation_infra_rs_qos_pfc_if_pol": "",
            "relation_infra_rs_qos_sd_if_pol": "",
            "relation_infra_rs_span_v_dest_grp": null,
            "relation_infra_rs_span_v_src_grp": null,
            "relation_infra_rs_stormctrl_if_pol": "",
            "relation_infra_rs_stp_if_pol": ""
          },
          "sensitive_attributes": [],
          "private": "eyJzY2hlbWFfdmVyc2lvbiI6IjEifQ==",
          "dependencies": [
            "aci_attachable_access_entity_profile.aaep",
            "aci_cdp_interface_policy.cdp",
            "aci_lldp_interface_policy.lldp_policy",
            "aci_physical_domain.physical_domain",
            "aci_vlan_pool.vlan_pool"
          ]
        }
      ]
    },
    {
      "mode": "managed",
      "type": "aci_leaf_interface_profile",
      "name": "leaf_profile",
      "provider": "provider[\"registry.terraform.io/ciscodevnet/aci\"]",
      "instances": [
        {
          "schema_version": 1,
          "attributes": {
            "annotation": "orchestrator:terraform",
            "description": "",
            "id": "uni/infra/accportprof-Prod_leaf_profile",
            "name": "Prod_leaf_profile",
            "name_alias": ""
          },
          "sensitive_attributes": [],
          "private": "eyJzY2hlbWFfdmVyc2lvbiI6IjEifQ=="
        }
      ]
    },
    {
      "mode": "managed",
      "type": "aci_leaf_profile",
      "name": "switch_profile",
      "provider": "provider[\"registry.terraform.io/ciscodevnet/aci\"]",
      "instances": [
        {
          "schema_version": 1,
          "attributes": {
            "annotation": "orchestrator:terraform",
            "description": "From Terraform",
            "id": "uni/infra/nprof-Prod_switch_profile",
            "leaf_selector": [
              {
                "description": "",
                "id": "uni/infra/nprof-Prod_switch_profile/leaves-one-typ-range",
                "name": "one",
                "node_block": [
                  {
                    "description": "",
                    "from_": "101",
                    "id": "uni/infra/nprof-Prod_switch_profile/leaves-one-typ-range/nodeblk-blk1",
                    "name": "blk1",
                    "to_": "102"
                  }
                ],
                "switch_association_type": "range"
              }
            ],
            "leaf_selector_ids": [
              "uni/infra/nprof-Prod_switch_profile/leaves-one-typ-range"
            ],
            "name": "Prod_switch_profile",
            "name_alias": "",
            "node_block_ids": [
              "uni/infra/nprof-Prod_switch_profile/leaves-one-typ-range/nodeblk-blk1"
            ],
            "relation_infra_rs_acc_card_p": null,
            "relation_infra_rs_acc_port_p": [
              "uni/infra/accportprof-Prod_leaf_profile"
            ]
          },
          "sensitive_attributes": [],
          "private": "eyJzY2hlbWFfdmVyc2lvbiI6IjEifQ==",
          "dependencies": [
            "aci_leaf_interface_profile.leaf_profile"
          ]
        }
      ]
    },
    {
      "mode": "managed",
      "type": "aci_lldp_interface_policy",
      "name": "lldp_policy",
      "provider": "provider[\"registry.terraform.io/ciscodevnet/aci\"]",
      "instances": [
        {
          "index_key": 0,
          "schema_version": 1,
          "attributes": {
            "admin_rx_st": "enabled",
            "admin_tx_st": "enabled",
            "annotation": "tag_lldp",
            "description": "example description",
            "id": "uni/infra/lldpIfP-Prod_lldp_policy",
            "name": "Prod_lldp_policy",
            "name_alias": "alias_lldp"
          },
          "sensitive_attributes": [],
          "private": "eyJzY2hlbWFfdmVyc2lvbiI6IjEifQ=="
        }
      ]
    },
    {
      "mode": "managed",
      "type": "aci_mcp_instance_policy",
      "name": "mcp_policy",
      "provider": "provider[\"registry.terraform.io/ciscodevnet/aci\"]",
      "instances": [
        {
          "index_key": 0,
          "schema_version": 1,
          "attributes": {
            "admin_st": "disabled",
            "annotation": "orchestrator:terraform",
            "ctrl": [],
            "description": "From Terraform",
            "id": "uni/infra/mcpInstP-default",
            "init_delay_time": "180",
            "key": "example",
            "loop_detect_mult": "3",
            "loop_protect_act": "port-disable",
            "name_alias": "Prod_mcp_polciy",
            "tx_freq": "2",
            "tx_freq_msec": "0"
          },
          "sensitive_attributes": [],
          "private": "eyJzY2hlbWFfdmVyc2lvbiI6IjEifQ=="
        }
      ]
    },
    {
      "mode": "managed",
      "type": "aci_physical_domain",
      "name": "physical_domain",
      "provider": "provider[\"registry.terraform.io/ciscodevnet/aci\"]",
      "instances": [
        {
          "index_key": 0,
          "schema_version": 1,
          "attributes": {
            "annotation": "orchestrator:terraform",
            "id": "uni/phys-Prod_phy_domain",
            "name": "Prod_phy_domain",
            "name_alias": "",
            "relation_infra_rs_dom_vxlan_ns_def": "",
            "relation_infra_rs_vip_addr_ns": "",
            "relation_infra_rs_vlan_ns": "uni/infra/vlanns-[Prod_vlan_pool]-static",
            "relation_infra_rs_vlan_ns_def": ""
          },
          "sensitive_attributes": [],
          "private": "eyJzY2hlbWFfdmVyc2lvbiI6IjEifQ==",
          "dependencies": [
            "aci_vlan_pool.vlan_pool"
          ]
        }
      ]
    },
    {
      "mode": "managed",
      "type": "aci_ranges",
      "name": "range_1",
      "provider": "provider[\"registry.terraform.io/ciscodevnet/aci\"]",
      "instances": [
        {
          "index_key": 0,
          "schema_version": 1,
          "attributes": {
            "alloc_mode": "inherit",
            "annotation": "orchestrator:terraform",
            "description": "From Terraform",
            "from": "vlan-10",
            "id": "uni/infra/vlanns-[Prod_vlan_pool]-static/from-[vlan-10]-to-[vlan-20]",
            "name_alias": "",
            "role": "external",
            "to": "vlan-20",
            "vlan_pool_dn": "uni/infra/vlanns-[Prod_vlan_pool]-static"
          },
          "sensitive_attributes": [],
          "private": "eyJzY2hlbWFfdmVyc2lvbiI6IjEifQ==",
          "dependencies": [
            "aci_vlan_pool.vlan_pool"
          ]
        }
      ]
    },
    {
      "mode": "managed",
      "type": "aci_subnet",
      "name": "web_server_subnets",
      "provider": "provider[\"registry.terraform.io/ciscodevnet/aci\"]",
      "instances": [
        {
          "index_key": "10.0.3.28/27",
          "schema_version": 1,
          "attributes": {
            "annotation": "tag_subnet",
            "ctrl": [
              "nd"
            ],
            "description": "subnet",
            "id": "uni/tn-Prod_webserver_Tenant/BD-Prod_webserver_domain/subnet-[10.0.3.28/27]",
            "ip": "10.0.3.28/27",
            "name_alias": "alias_subnet",
            "parent_dn": "uni/tn-Prod_webserver_Tenant/BD-Prod_webserver_domain",
            "preferred": "no",
            "relation_fv_rs_bd_subnet_to_out": null,
            "relation_fv_rs_bd_subnet_to_profile": "",
            "relation_fv_rs_nd_pfx_pol": "",
            "scope": [
              "private",
              "shared"
            ],
            "virtual": "no"
          },
          "sensitive_attributes": [],
          "private": "eyJzY2hlbWFfdmVyc2lvbiI6IjEifQ==",
          "dependencies": [
            "aci_bridge_domain.web_server_bd",
            "aci_tenant.terraform_tenant",
            "aci_vrf.prod-vrf"
          ]
        },
        {
          "index_key": "10.0.5.28/27",
          "schema_version": 1,
          "attributes": {
            "annotation": "tag_subnet",
            "ctrl": [
              "nd"
            ],
            "description": "subnet",
            "id": "uni/tn-Prod_webserver_Tenant/BD-Prod_webserver_domain/subnet-[10.0.5.28/27]",
            "ip": "10.0.5.28/27",
            "name_alias": "alias_subnet",
            "parent_dn": "uni/tn-Prod_webserver_Tenant/BD-Prod_webserver_domain",
            "preferred": "no",
            "relation_fv_rs_bd_subnet_to_out": null,
            "relation_fv_rs_bd_subnet_to_profile": "",
            "relation_fv_rs_nd_pfx_pol": "",
            "scope": [
              "private",
              "shared"
            ],
            "virtual": "no"
          },
          "sensitive_attributes": [],
          "private": "eyJzY2hlbWFfdmVyc2lvbiI6IjEifQ==",
          "dependencies": [
            "aci_bridge_domain.web_server_bd",
            "aci_tenant.terraform_tenant",
            "aci_vrf.prod-vrf"
          ]
        },
        {
          "index_key": "10.0.6.28/27",
          "schema_version": 1,
          "attributes": {
            "annotation": "tag_subnet",
            "ctrl": [
              "nd"
            ],
            "description": "subnet",
            "id": "uni/tn-Prod_webserver_Tenant/BD-Prod_webserver_domain/subnet-[10.0.6.28/27]",
            "ip": "10.0.6.28/27",
            "name_alias": "alias_subnet",
            "parent_dn": "uni/tn-Prod_webserver_Tenant/BD-Prod_webserver_domain",
            "preferred": "no",
            "relation_fv_rs_bd_subnet_to_out": null,
            "relation_fv_rs_bd_subnet_to_profile": "",
            "relation_fv_rs_nd_pfx_pol": "",
            "scope": [
              "private",
              "shared"
            ],
            "virtual": "no"
          },
          "sensitive_attributes": [],
          "private": "eyJzY2hlbWFfdmVyc2lvbiI6IjEifQ==",
          "dependencies": [
            "aci_bridge_domain.web_server_bd",
            "aci_tenant.terraform_tenant",
            "aci_vrf.prod-vrf"
          ]
        }
      ]
    },
    {
      "mode": "managed",
      "type": "aci_tenant",
      "name": "terraform_tenant",
      "provider": "provider[\"registry.terraform.io/ciscodevnet/aci\"]",
      "instances": [
        {
          "schema_version": 1,
          "attributes": {
            "annotation": "orchestrator:terraform",
            "description": "This tenant is created by the Terraform ACI provider",
            "id": "uni/tn-Prod_webserver_Tenant",
            "name": "Prod_webserver_Tenant",
            "name_alias": "",
            "relation_fv_rs_tenant_mon_pol": "",
            "relation_fv_rs_tn_deny_rule": null
          },
          "sensitive_attributes": [],
          "private": "eyJzY2hlbWFfdmVyc2lvbiI6IjEifQ=="
        }
      ]
    },
    {
      "mode": "managed",
      "type": "aci_vlan_pool",
      "name": "vlan_pool",
      "provider": "provider[\"registry.terraform.io/ciscodevnet/aci\"]",
      "instances": [
        {
          "index_key": 0,
          "schema_version": 1,
          "attributes": {
            "alloc_mode": "static",
            "annotation": "orchestrator:terraform",
            "description": "From Terraform",
            "id": "uni/infra/vlanns-[Prod_vlan_pool]-static",
            "name": "Prod_vlan_pool",
            "name_alias": ""
          },
          "sensitive_attributes": [],
          "private": "eyJzY2hlbWFfdmVyc2lvbiI6IjEifQ=="
        }
      ]
    },
    {
      "mode": "managed",
      "type": "aci_vrf",
      "name": "prod-vrf",
      "provider": "provider[\"registry.terraform.io/ciscodevnet/aci\"]",
      "instances": [
        {
          "schema_version": 1,
          "attributes": {
            "annotation": "orchestrator:terraform",
            "bd_enforced_enable": "no",
            "description": "from terraform",
            "id": "uni/tn-Prod_webserver_Tenant/ctx-Prod_webserver_vrf",
            "ip_data_plane_learning": "enabled",
            "knw_mcast_act": "permit",
            "name": "Prod_webserver_vrf",
            "name_alias": "",
            "pc_enf_dir": "ingress",
            "pc_enf_pref": "enforced",
            "relation_fv_rs_bgp_ctx_pol": "",
            "relation_fv_rs_ctx_mcast_to": null,
            "relation_fv_rs_ctx_mon_pol": "",
            "relation_fv_rs_ctx_to_bgp_ctx_af_pol": [],
            "relation_fv_rs_ctx_to_eigrp_ctx_af_pol": [],
            "relation_fv_rs_ctx_to_ep_ret": "",
            "relation_fv_rs_ctx_to_ext_route_tag_pol": "",
            "relation_fv_rs_ctx_to_ospf_ctx_pol": [],
            "relation_fv_rs_ospf_ctx_pol": "",
            "relation_fv_rs_vrf_validation_pol": "",
            "tenant_dn": "uni/tn-Prod_webserver_Tenant"
          },
          "sensitive_attributes": [],
          "private": "eyJzY2hlbWFfdmVyc2lvbiI6IjEifQ==",
          "dependencies": [
            "aci_tenant.terraform_tenant"
          ]
        }
      ]
    }
  ]
}
